
Microsoft Visual Studio Solution File, Format Version 12.00
# Visual Studio Version 17
VisualStudioVersion = 17.6.33829.357
MinimumVisualStudioVersion = 10.0.40219.1
Project("{9A19103F-16F7-4668-BE54-9A1E7A4F7556}") = "API", "API\API.csproj", "{6B35C34F-CF37-4AED-8EB9-C1EAA3356052}"
EndProject
Global
	GlobalSection(SolutionConfigurationPlatforms) = preSolution
		Debug|Any CPU = Debug|Any CPU
		Release|Any CPU = Release|Any CPU
	EndGlobalSection
	GlobalSection(ProjectConfigurationPlatforms) = postSolution
		{6B35C34F-CF37-4AED-8EB9-C1EAA3356052}.Debug|Any CPU.ActiveCfg = Debug|Any CPU
		{6B35C34F-CF37-4AED-8EB9-C1EAA3356052}.Debug|Any CPU.Build.0 = Debug|Any CPU
		{6B35C34F-CF37-4AED-8EB9-C1EAA3356052}.Release|Any CPU.ActiveCfg = Release|Any CPU
		{6B35C34F-CF37-4AED-8EB9-C1EAA3356052}.Release|Any CPU.Build.0 = Release|Any CPU
	EndGlobalSection
	GlobalSection(SolutionProperties) = preSolution
		HideSolutionNode = FALSE
	EndGlobalSection
	GlobalSection(ExtensibilityGlobals) = postSolution
		SolutionGuid = {59EA67C1-F4F6-4538-BC45-42C3FAD7834F}
	EndGlobalSection
EndGlobal
